
Microsoft Visual Studio Solution File, Format Version 12.00
# Visual Studio Version 17
VisualStudioVersion = 17.11.35208.52
MinimumVisualStudioVersion = 10.0.40219.1
Project("{2150E333-8FDC-42A3-9474-1A3956D46DE8}") = "src", "src", "{91922AC2-6AF5-4DAD-9530-3DB43A1EAF2B}"
EndProject
Project("{2150E333-8FDC-42A3-9474-1A3956D46DE8}") = "API", "API", "{08E41895-5D1A-42F3-9477-AF13276955A1}"
EndProject
Project("{9A19103F-16F7-4668-BE54-9A1E7A4F7556}") = "InstitutoTriboDeDavi.API", "InstitutoTriboDeDavi.API\InstitutoTriboDeDavi.API.csproj", "{58F6CDBE-E630-4DA2-B077-04E067797ED8}"
EndProject
Project("{2150E333-8FDC-42A3-9474-1A3956D46DE8}") = "Solution Items", "Solution Items", "{416837BA-019A-4530-833F-099A361EF86B}"
	ProjectSection(SolutionItems) = preProject
		.dockerignore = .dockerignore
		Dockerfile = Dockerfile
		GUIA_DEPLOY.md = GUIA_DEPLOY.md
	EndProjectSection
EndProject
Project("{FAE04EC0-301F-11D3-BF4B-00C04F79EFBC}") = "InstitutoTriboDeDavi.Tests", "InstitutoTriboDeDavi.Tests\InstitutoTriboDeDavi.Tests.csproj", "{FD9335ED-FDBF-4E7C-90EF-DDEF48659438}"
EndProject
Project("{FAE04EC0-301F-11D3-BF4B-00C04F79EFBC}") = "InstitutoTriboDeDavi.Domain", "InstitutoTriboDeDavi.Domain\InstitutoTriboDeDavi.Domain.csproj", "{76E55A79-6514-45FD-8FBD-E16D96E8444B}"
EndProject
Project("{FAE04EC0-301F-11D3-BF4B-00C04F79EFBC}") = "InstitutoTriboDeDavi.Application", "InstitutoTriboDeDavi.Application\InstitutoTriboDeDavi.Application.csproj", "{818BC5C6-B9AF-4D61-BDDB-9C3F6D803012}"
EndProject
Project("{FAE04EC0-301F-11D3-BF4B-00C04F79EFBC}") = "InstitutoTriboDeDavi.Infrastructure", "InstitutoTriboDeDavi.Infrastructure\InstitutoTriboDeDavi.Infrastructure.csproj", "{C7A986B5-0982-4374-A9EC-59C77E210759}"
EndProject
Project("{FAE04EC0-301F-11D3-BF4B-00C04F79EFBC}") = "InstitutoTriboDeDavi.Web", "InstitutoTriboDeDavi.Web\InstitutoTriboDeDavi.Web.csproj", "{32986741-5312-4611-A72D-0B026024E7F6}"
EndProject
Global
	GlobalSection(SolutionConfigurationPlatforms) = preSolution
		Debug|Any CPU = Debug|Any CPU
		Debug|x64 = Debug|x64
		Debug|x86 = Debug|x86
		Release|Any CPU = Release|Any CPU
		Release|x64 = Release|x64
		Release|x86 = Release|x86
	EndGlobalSection
	GlobalSection(ProjectConfigurationPlatforms) = postSolution
		{58F6CDBE-E630-4DA2-B077-04E067797ED8}.Debug|Any CPU.ActiveCfg = Debug|Any CPU
		{58F6CDBE-E630-4DA2-B077-04E067797ED8}.Debug|Any CPU.Build.0 = Debug|Any CPU
		{58F6CDBE-E630-4DA2-B077-04E067797ED8}.Debug|x64.ActiveCfg = Debug|Any CPU
		{58F6CDBE-E630-4DA2-B077-04E067797ED8}.Debug|x64.Build.0 = Debug|Any CPU
		{58F6CDBE-E630-4DA2-B077-04E067797ED8}.Debug|x86.ActiveCfg = Debug|Any CPU
		{58F6CDBE-E630-4DA2-B077-04E067797ED8}.Debug|x86.Build.0 = Debug|Any CPU
		{58F6CDBE-E630-4DA2-B077-04E067797ED8}.Release|Any CPU.ActiveCfg = Release|Any CPU
		{58F6CDBE-E630-4DA2-B077-04E067797ED8}.Release|Any CPU.Build.0 = Release|Any CPU
		{58F6CDBE-E630-4DA2-B077-04E067797ED8}.Release|x64.ActiveCfg = Release|Any CPU
		{58F6CDBE-E630-4DA2-B077-04E067797ED8}.Release|x64.Build.0 = Release|Any CPU
		{58F6CDBE-E630-4DA2-B077-04E067797ED8}.Release|x86.ActiveCfg = Release|Any CPU
		{58F6CDBE-E630-4DA2-B077-04E067797ED8}.Release|x86.Build.0 = Release|Any CPU
		{FD9335ED-FDBF-4E7C-90EF-DDEF48659438}.Debug|Any CPU.ActiveCfg = Debug|Any CPU
		{FD9335ED-FDBF-4E7C-90EF-DDEF48659438}.Debug|Any CPU.Build.0 = Debug|Any CPU
		{FD9335ED-FDBF-4E7C-90EF-DDEF48659438}.Debug|x64.ActiveCfg = Debug|Any CPU
		{FD9335ED-FDBF-4E7C-90EF-DDEF48659438}.Debug|x64.Build.0 = Debug|Any CPU
		{FD9335ED-FDBF-4E7C-90EF-DDEF48659438}.Debug|x86.ActiveCfg = Debug|Any CPU
		{FD9335ED-FDBF-4E7C-90EF-DDEF48659438}.Debug|x86.Build.0 = Debug|Any CPU
		{FD9335ED-FDBF-4E7C-90EF-DDEF48659438}.Release|Any CPU.ActiveCfg = Release|Any CPU
		{FD9335ED-FDBF-4E7C-90EF-DDEF48659438}.Release|Any CPU.Build.0 = Release|Any CPU
		{FD9335ED-FDBF-4E7C-90EF-DDEF48659438}.Release|x64.ActiveCfg = Release|Any CPU
		{FD9335ED-FDBF-4E7C-90EF-DDEF48659438}.Release|x64.Build.0 = Release|Any CPU
		{FD9335ED-FDBF-4E7C-90EF-DDEF48659438}.Release|x86.ActiveCfg = Release|Any CPU
		{FD9335ED-FDBF-4E7C-90EF-DDEF48659438}.Release|x86.Build.0 = Release|Any CPU
		{76E55A79-6514-45FD-8FBD-E16D96E8444B}.Debug|Any CPU.ActiveCfg = Debug|Any CPU
		{76E55A79-6514-45FD-8FBD-E16D96E8444B}.Debug|Any CPU.Build.0 = Debug|Any CPU
		{76E55A79-6514-45FD-8FBD-E16D96E8444B}.Debug|x64.ActiveCfg = Debug|Any CPU
		{76E55A79-6514-45FD-8FBD-E16D96E8444B}.Debug|x64.Build.0 = Debug|Any CPU
		{76E55A79-6514-45FD-8FBD-E16D96E8444B}.Debug|x86.ActiveCfg = Debug|Any CPU
		{76E55A79-6514-45FD-8FBD-E16D96E8444B}.Debug|x86.Build.0 = Debug|Any CPU
		{76E55A79-6514-45FD-8FBD-E16D96E8444B}.Release|Any CPU.ActiveCfg = Release|Any CPU
		{76E55A79-6514-45FD-8FBD-E16D96E8444B}.Release|Any CPU.Build.0 = Release|Any CPU
		{76E55A79-6514-45FD-8FBD-E16D96E8444B}.Release|x64.ActiveCfg = Release|Any CPU
		{76E55A79-6514-45FD-8FBD-E16D96E8444B}.Release|x64.Build.0 = Release|Any CPU
		{76E55A79-6514-45FD-8FBD-E16D96E8444B}.Release|x86.ActiveCfg = Release|Any CPU
		{76E55A79-6514-45FD-8FBD-E16D96E8444B}.Release|x86.Build.0 = Release|Any CPU
		{818BC5C6-B9AF-4D61-BDDB-9C3F6D803012}.Debug|Any CPU.ActiveCfg = Debug|Any CPU
		{818BC5C6-B9AF-4D61-BDDB-9C3F6D803012}.Debug|Any CPU.Build.0 = Debug|Any CPU
		{818BC5C6-B9AF-4D61-BDDB-9C3F6D803012}.Debug|x64.ActiveCfg = Debug|Any CPU
		{818BC5C6-B9AF-4D61-BDDB-9C3F6D803012}.Debug|x64.Build.0 = Debug|Any CPU
		{818BC5C6-B9AF-4D61-BDDB-9C3F6D803012}.Debug|x86.ActiveCfg = Debug|Any CPU
		{818BC5C6-B9AF-4D61-BDDB-9C3F6D803012}.Debug|x86.Build.0 = Debug|Any CPU
		{818BC5C6-B9AF-4D61-BDDB-9C3F6D803012}.Release|Any CPU.ActiveCfg = Release|Any CPU
		{818BC5C6-B9AF-4D61-BDDB-9C3F6D803012}.Release|Any CPU.Build.0 = Release|Any CPU
		{818BC5C6-B9AF-4D61-BDDB-9C3F6D803012}.Release|x64.ActiveCfg = Release|Any CPU
		{818BC5C6-B9AF-4D61-BDDB-9C3F6D803012}.Release|x64.Build.0 = Release|Any CPU
		{818BC5C6-B9AF-4D61-BDDB-9C3F6D803012}.Release|x86.ActiveCfg = Release|Any CPU
		{818BC5C6-B9AF-4D61-BDDB-9C3F6D803012}.Release|x86.Build.0 = Release|Any CPU
		{C7A986B5-0982-4374-A9EC-59C77E210759}.Debug|Any CPU.ActiveCfg = Debug|Any CPU
		{C7A986B5-0982-4374-A9EC-59C77E210759}.Debug|Any CPU.Build.0 = Debug|Any CPU
		{C7A986B5-0982-4374-A9EC-59C77E210759}.Debug|x64.ActiveCfg = Debug|Any CPU
		{C7A986B5-0982-4374-A9EC-59C77E210759}.Debug|x64.Build.0 = Debug|Any CPU
		{C7A986B5-0982-4374-A9EC-59C77E210759}.Debug|x86.ActiveCfg = Debug|Any CPU
		{C7A986B5-0982-4374-A9EC-59C77E210759}.Debug|x86.Build.0 = Debug|Any CPU
		{C7A986B5-0982-4374-A9EC-59C77E210759}.Release|Any CPU.ActiveCfg = Release|Any CPU
		{C7A986B5-0982-4374-A9EC-59C77E210759}.Release|Any CPU.Build.0 = Release|Any CPU
		{C7A986B5-0982-4374-A9EC-59C77E210759}.Release|x64.ActiveCfg = Release|Any CPU
		{C7A986B5-0982-4374-A9EC-59C77E210759}.Release|x64.Build.0 = Release|Any CPU
		{C7A986B5-0982-4374-A9EC-59C77E210759}.Release|x86.ActiveCfg = Release|Any CPU
		{C7A986B5-0982-4374-A9EC-59C77E210759}.Release|x86.Build.0 = Release|Any CPU
		{32986741-5312-4611-A72D-0B026024E7F6}.Debug|Any CPU.ActiveCfg = Debug|Any CPU
		{32986741-5312-4611-A72D-0B026024E7F6}.Debug|Any CPU.Build.0 = Debug|Any CPU
		{32986741-5312-4611-A72D-0B026024E7F6}.Debug|x64.ActiveCfg = Debug|Any CPU
		{32986741-5312-4611-A72D-0B026024E7F6}.Debug|x64.Build.0 = Debug|Any CPU
		{32986741-5312-4611-A72D-0B026024E7F6}.Debug|x86.ActiveCfg = Debug|Any CPU
		{32986741-5312-4611-A72D-0B026024E7F6}.Debug|x86.Build.0 = Debug|Any CPU
		{32986741-5312-4611-A72D-0B026024E7F6}.Release|Any CPU.ActiveCfg = Release|Any CPU
		{32986741-5312-4611-A72D-0B026024E7F6}.Release|Any CPU.Build.0 = Release|Any CPU
		{32986741-5312-4611-A72D-0B026024E7F6}.Release|x64.ActiveCfg = Release|Any CPU
		{32986741-5312-4611-A72D-0B026024E7F6}.Release|x64.Build.0 = Release|Any CPU
		{32986741-5312-4611-A72D-0B026024E7F6}.Release|x86.ActiveCfg = Release|Any CPU
		{32986741-5312-4611-A72D-0B026024E7F6}.Release|x86.Build.0 = Release|Any CPU
	EndGlobalSection
	GlobalSection(SolutionProperties) = preSolution
		HideSolutionNode = FALSE
	EndGlobalSection
	GlobalSection(NestedProjects) = preSolution
		{08E41895-5D1A-42F3-9477-AF13276955A1} = {91922AC2-6AF5-4DAD-9530-3DB43A1EAF2B}
		{58F6CDBE-E630-4DA2-B077-04E067797ED8} = {08E41895-5D1A-42F3-9477-AF13276955A1}
	EndGlobalSection
	GlobalSection(ExtensibilityGlobals) = postSolution
		SolutionGuid = {6D8E80A7-28E1-4C67-A36B-6B24F3A0EDB9}
	EndGlobalSection
EndGlobal
